{
  "name": "form_to_json",
  "version": "0.0.1",
  "lockfileVersion": 1,
  "requires": true,
  "dependencies": {
    "promise_mtd": {
      "version": "2.2.2",
      "resolved": "https://registry.npmjs.org/promise_mtd/-/promise_mtd-2.2.2.tgz",
      "integrity": "sha512-1RadAXEYz3q+OQ+aEkA65aBbLroyLb9mU8/ZHBB6oXax0R+sYUlcu9hn141iYyK4bY5Y+2FuwBIiSB5eRp8y6A=="
    }
  }
}
